
Microsoft Visual Studio Solution File, Format Version 12.00
# Visual Studio Version 17
VisualStudioVersion = 17.1.32328.378
MinimumVisualStudioVersion = 10.0.40219.1
Project("{FAE04EC0-301F-11D3-BF4B-00C04F79EFBC}") = "Lab 5", "Lab 5\Lab 5.csproj", "{F7F29AD5-F50A-4CC8-B2ED-EEDE4823E626}"
EndProject
Global
	GlobalSection(SolutionConfigurationPlatforms) = preSolution
		Debug|Any CPU = Debug|Any CPU
		Release|Any CPU = Release|Any CPU
	EndGlobalSection
	GlobalSection(ProjectConfigurationPlatforms) = postSolution
		{F7F29AD5-F50A-4CC8-B2ED-EEDE4823E626}.Debug|Any CPU.ActiveCfg = Debug|Any CPU
		{F7F29AD5-F50A-4CC8-B2ED-EEDE4823E626}.Debug|Any CPU.Build.0 = Debug|Any CPU
		{F7F29AD5-F50A-4CC8-B2ED-EEDE4823E626}.Release|Any CPU.ActiveCfg = Release|Any CPU
		{F7F29AD5-F50A-4CC8-B2ED-EEDE4823E626}.Release|Any CPU.Build.0 = Release|Any CPU
	EndGlobalSection
	GlobalSection(SolutionProperties) = preSolution
		HideSolutionNode = FALSE
	EndGlobalSection
	GlobalSection(ExtensibilityGlobals) = postSolution
		SolutionGuid = {17154C19-046F-4ACA-995C-660864B7AEAA}
	EndGlobalSection
EndGlobal
