
Microsoft Visual Studio Solution File, Format Version 12.00
# Visual Studio Version 17
VisualStudioVersion = 17.1.32328.378
MinimumVisualStudioVersion = 10.0.40219.1
Project("{FAE04EC0-301F-11D3-BF4B-00C04F79EFBC}") = "Lab 7", "Lab 7\Lab 7.csproj", "{9E4CDA59-F4D5-49B6-89CB-88B1B00E9EED}"
EndProject
Global
	GlobalSection(SolutionConfigurationPlatforms) = preSolution
		Debug|Any CPU = Debug|Any CPU
		Release|Any CPU = Release|Any CPU
	EndGlobalSection
	GlobalSection(ProjectConfigurationPlatforms) = postSolution
		{9E4CDA59-F4D5-49B6-89CB-88B1B00E9EED}.Debug|Any CPU.ActiveCfg = Debug|Any CPU
		{9E4CDA59-F4D5-49B6-89CB-88B1B00E9EED}.Debug|Any CPU.Build.0 = Debug|Any CPU
		{9E4CDA59-F4D5-49B6-89CB-88B1B00E9EED}.Release|Any CPU.ActiveCfg = Release|Any CPU
		{9E4CDA59-F4D5-49B6-89CB-88B1B00E9EED}.Release|Any CPU.Build.0 = Release|Any CPU
	EndGlobalSection
	GlobalSection(SolutionProperties) = preSolution
		HideSolutionNode = FALSE
	EndGlobalSection
	GlobalSection(ExtensibilityGlobals) = postSolution
		SolutionGuid = {217AEB55-3E80-4EC9-BCCD-A59C4C9FC92D}
	EndGlobalSection
EndGlobal
