
Microsoft Visual Studio Solution File, Format Version 12.00
# Visual Studio Version 17
VisualStudioVersion = 17.1.32328.378
MinimumVisualStudioVersion = 10.0.40219.1
Project("{FAE04EC0-301F-11D3-BF4B-00C04F79EFBC}") = "Lab 2 Container", "Lab 2 Container\Lab 2 Container.csproj", "{10E7313C-43B0-40CE-8E94-C7645EE4E006}"
EndProject
Global
	GlobalSection(SolutionConfigurationPlatforms) = preSolution
		Debug|Any CPU = Debug|Any CPU
		Release|Any CPU = Release|Any CPU
	EndGlobalSection
	GlobalSection(ProjectConfigurationPlatforms) = postSolution
		{10E7313C-43B0-40CE-8E94-C7645EE4E006}.Debug|Any CPU.ActiveCfg = Debug|Any CPU
		{10E7313C-43B0-40CE-8E94-C7645EE4E006}.Debug|Any CPU.Build.0 = Debug|Any CPU
		{10E7313C-43B0-40CE-8E94-C7645EE4E006}.Release|Any CPU.ActiveCfg = Release|Any CPU
		{10E7313C-43B0-40CE-8E94-C7645EE4E006}.Release|Any CPU.Build.0 = Release|Any CPU
	EndGlobalSection
	GlobalSection(SolutionProperties) = preSolution
		HideSolutionNode = FALSE
	EndGlobalSection
	GlobalSection(ExtensibilityGlobals) = postSolution
		SolutionGuid = {50FF6F8E-65B2-4DED-82A1-E48D5B995579}
	EndGlobalSection
EndGlobal
