
Microsoft Visual Studio Solution File, Format Version 12.00
# Visual Studio Version 17
VisualStudioVersion = 17.1.32328.378
MinimumVisualStudioVersion = 10.0.40219.1
Project("{FAE04EC0-301F-11D3-BF4B-00C04F79EFBC}") = "Lab 6", "Lab 6\Lab 6.csproj", "{C21BB0F2-06C8-4585-9836-F571A8A9FC88}"
EndProject
Project("{2150E333-8FDC-42A3-9474-1A3956D46DE8}") = "Solution Items", "Solution Items", "{DBBC62C3-AEAA-405C-9862-52AA9C24F1B4}"
	ProjectSection(SolutionItems) = preProject
		.editorconfig = .editorconfig
	EndProjectSection
EndProject
Global
	GlobalSection(SolutionConfigurationPlatforms) = preSolution
		Debug|Any CPU = Debug|Any CPU
		Release|Any CPU = Release|Any CPU
	EndGlobalSection
	GlobalSection(ProjectConfigurationPlatforms) = postSolution
		{C21BB0F2-06C8-4585-9836-F571A8A9FC88}.Debug|Any CPU.ActiveCfg = Debug|Any CPU
		{C21BB0F2-06C8-4585-9836-F571A8A9FC88}.Debug|Any CPU.Build.0 = Debug|Any CPU
		{C21BB0F2-06C8-4585-9836-F571A8A9FC88}.Release|Any CPU.ActiveCfg = Release|Any CPU
		{C21BB0F2-06C8-4585-9836-F571A8A9FC88}.Release|Any CPU.Build.0 = Release|Any CPU
	EndGlobalSection
	GlobalSection(SolutionProperties) = preSolution
		HideSolutionNode = FALSE
	EndGlobalSection
	GlobalSection(ExtensibilityGlobals) = postSolution
		SolutionGuid = {D167A9DB-F1EF-48EF-AE1A-A8E01FEC4C74}
	EndGlobalSection
EndGlobal
